
Microsoft Visual Studio Solution File, Format Version 12.00
# Visual Studio Version 16
VisualStudioVersion = 16.0.34301.259
MinimumVisualStudioVersion = 10.0.40219.1
Project("{8BC9CEB8-8B4A-11D0-8D11-00A0C91BC942}") = "SandBoxDemo", "SandBoxDemo\SandBoxDemo.vcxproj", "{72482AD3-05F2-4DC8-973F-147C76CF67AD}"
EndProject
Project("{2150E333-8FDC-42A3-9474-1A3956D46DE8}") = "NetDemo", "NetDemo", "{4125C462-DDFF-4769-884F-A41EEB51E06D}"
EndProject
Project("{8BC9CEB8-8B4A-11D0-8D11-00A0C91BC942}") = "TcpServer", "TcpServer\TcpServer.vcxproj", "{EBA6AECB-5F91-4CAC-BF2F-6D4F31C48CF3}"
EndProject
Project("{8BC9CEB8-8B4A-11D0-8D11-00A0C91BC942}") = "TcpClient", "TcpClient\TcpClient.vcxproj", "{3B8DDA70-9678-4765-8554-ECB240206251}"
EndProject
Project("{8BC9CEB8-8B4A-11D0-8D11-00A0C91BC942}") = "MouseMoveDriver", "MouseMoveDriver\MouseMoveDriver.vcxproj", "{4BD93D13-8930-412A-B919-C9284805927E}"
EndProject
Project("{2150E333-8FDC-42A3-9474-1A3956D46DE8}") = "FileScanner", "FileScanner", "{E1699E59-4718-456F-915F-4C379B69DC71}"
EndProject
Project("{8BC9CEB8-8B4A-11D0-8D11-00A0C91BC942}") = "ReadMFT", "ReadMFT\ReadMFT.vcxproj", "{21251312-01AC-4386-AEA6-30E216C1F398}"
EndProject
Project("{8BC9CEB8-8B4A-11D0-8D11-00A0C91BC942}") = "scannerdemo", "scannerdemo\scannerdemo.vcxproj", "{AE8FF12B-E777-4A2D-B395-E3EE2DCDB61C}"
EndProject
Global
	GlobalSection(SolutionConfigurationPlatforms) = preSolution
		Debug|ARM = Debug|ARM
		Debug|ARM64 = Debug|ARM64
		Debug|x64 = Debug|x64
		Debug|x86 = Debug|x86
		Release|ARM = Release|ARM
		Release|ARM64 = Release|ARM64
		Release|x64 = Release|x64
		Release|x86 = Release|x86
	EndGlobalSection
	GlobalSection(ProjectConfigurationPlatforms) = postSolution
		{72482AD3-05F2-4DC8-973F-147C76CF67AD}.Debug|ARM.ActiveCfg = Debug|ARM
		{72482AD3-05F2-4DC8-973F-147C76CF67AD}.Debug|ARM.Build.0 = Debug|ARM
		{72482AD3-05F2-4DC8-973F-147C76CF67AD}.Debug|ARM.Deploy.0 = Debug|ARM
		{72482AD3-05F2-4DC8-973F-147C76CF67AD}.Debug|ARM64.ActiveCfg = Debug|ARM64
		{72482AD3-05F2-4DC8-973F-147C76CF67AD}.Debug|ARM64.Build.0 = Debug|ARM64
		{72482AD3-05F2-4DC8-973F-147C76CF67AD}.Debug|ARM64.Deploy.0 = Debug|ARM64
		{72482AD3-05F2-4DC8-973F-147C76CF67AD}.Debug|x64.ActiveCfg = Debug|x64
		{72482AD3-05F2-4DC8-973F-147C76CF67AD}.Debug|x64.Build.0 = Debug|x64
		{72482AD3-05F2-4DC8-973F-147C76CF67AD}.Debug|x64.Deploy.0 = Debug|x64
		{72482AD3-05F2-4DC8-973F-147C76CF67AD}.Debug|x86.ActiveCfg = Debug|Win32
		{72482AD3-05F2-4DC8-973F-147C76CF67AD}.Debug|x86.Build.0 = Debug|Win32
		{72482AD3-05F2-4DC8-973F-147C76CF67AD}.Debug|x86.Deploy.0 = Debug|Win32
		{72482AD3-05F2-4DC8-973F-147C76CF67AD}.Release|ARM.ActiveCfg = Release|ARM
		{72482AD3-05F2-4DC8-973F-147C76CF67AD}.Release|ARM.Build.0 = Release|ARM
		{72482AD3-05F2-4DC8-973F-147C76CF67AD}.Release|ARM.Deploy.0 = Release|ARM
		{72482AD3-05F2-4DC8-973F-147C76CF67AD}.Release|ARM64.ActiveCfg = Release|ARM64
		{72482AD3-05F2-4DC8-973F-147C76CF67AD}.Release|ARM64.Build.0 = Release|ARM64
		{72482AD3-05F2-4DC8-973F-147C76CF67AD}.Release|ARM64.Deploy.0 = Release|ARM64
		{72482AD3-05F2-4DC8-973F-147C76CF67AD}.Release|x64.ActiveCfg = Release|x64
		{72482AD3-05F2-4DC8-973F-147C76CF67AD}.Release|x64.Build.0 = Release|x64
		{72482AD3-05F2-4DC8-973F-147C76CF67AD}.Release|x64.Deploy.0 = Release|x64
		{72482AD3-05F2-4DC8-973F-147C76CF67AD}.Release|x86.ActiveCfg = Release|Win32
		{72482AD3-05F2-4DC8-973F-147C76CF67AD}.Release|x86.Build.0 = Release|Win32
		{72482AD3-05F2-4DC8-973F-147C76CF67AD}.Release|x86.Deploy.0 = Release|Win32
		{EBA6AECB-5F91-4CAC-BF2F-6D4F31C48CF3}.Debug|ARM.ActiveCfg = Debug|Win32
		{EBA6AECB-5F91-4CAC-BF2F-6D4F31C48CF3}.Debug|ARM64.ActiveCfg = Debug|Win32
		{EBA6AECB-5F91-4CAC-BF2F-6D4F31C48CF3}.Debug|x64.ActiveCfg = Debug|x64
		{EBA6AECB-5F91-4CAC-BF2F-6D4F31C48CF3}.Debug|x64.Build.0 = Debug|x64
		{EBA6AECB-5F91-4CAC-BF2F-6D4F31C48CF3}.Debug|x86.ActiveCfg = Debug|Win32
		{EBA6AECB-5F91-4CAC-BF2F-6D4F31C48CF3}.Debug|x86.Build.0 = Debug|Win32
		{EBA6AECB-5F91-4CAC-BF2F-6D4F31C48CF3}.Release|ARM.ActiveCfg = Release|Win32
		{EBA6AECB-5F91-4CAC-BF2F-6D4F31C48CF3}.Release|ARM64.ActiveCfg = Release|Win32
		{EBA6AECB-5F91-4CAC-BF2F-6D4F31C48CF3}.Release|x64.ActiveCfg = Release|x64
		{EBA6AECB-5F91-4CAC-BF2F-6D4F31C48CF3}.Release|x64.Build.0 = Release|x64
		{EBA6AECB-5F91-4CAC-BF2F-6D4F31C48CF3}.Release|x86.ActiveCfg = Release|Win32
		{EBA6AECB-5F91-4CAC-BF2F-6D4F31C48CF3}.Release|x86.Build.0 = Release|Win32
		{3B8DDA70-9678-4765-8554-ECB240206251}.Debug|ARM.ActiveCfg = Debug|Win32
		{3B8DDA70-9678-4765-8554-ECB240206251}.Debug|ARM64.ActiveCfg = Debug|Win32
		{3B8DDA70-9678-4765-8554-ECB240206251}.Debug|x64.ActiveCfg = Debug|x64
		{3B8DDA70-9678-4765-8554-ECB240206251}.Debug|x64.Build.0 = Debug|x64
		{3B8DDA70-9678-4765-8554-ECB240206251}.Debug|x86.ActiveCfg = Debug|Win32
		{3B8DDA70-9678-4765-8554-ECB240206251}.Debug|x86.Build.0 = Debug|Win32
		{3B8DDA70-9678-4765-8554-ECB240206251}.Release|ARM.ActiveCfg = Release|Win32
		{3B8DDA70-9678-4765-8554-ECB240206251}.Release|ARM64.ActiveCfg = Release|Win32
		{3B8DDA70-9678-4765-8554-ECB240206251}.Release|x64.ActiveCfg = Release|x64
		{3B8DDA70-9678-4765-8554-ECB240206251}.Release|x64.Build.0 = Release|x64
		{3B8DDA70-9678-4765-8554-ECB240206251}.Release|x86.ActiveCfg = Release|Win32
		{3B8DDA70-9678-4765-8554-ECB240206251}.Release|x86.Build.0 = Release|Win32
		{4BD93D13-8930-412A-B919-C9284805927E}.Debug|ARM.ActiveCfg = Debug|ARM
		{4BD93D13-8930-412A-B919-C9284805927E}.Debug|ARM.Build.0 = Debug|ARM
		{4BD93D13-8930-412A-B919-C9284805927E}.Debug|ARM.Deploy.0 = Debug|ARM
		{4BD93D13-8930-412A-B919-C9284805927E}.Debug|ARM64.ActiveCfg = Debug|ARM64
		{4BD93D13-8930-412A-B919-C9284805927E}.Debug|ARM64.Build.0 = Debug|ARM64
		{4BD93D13-8930-412A-B919-C9284805927E}.Debug|ARM64.Deploy.0 = Debug|ARM64
		{4BD93D13-8930-412A-B919-C9284805927E}.Debug|x64.ActiveCfg = Debug|x64
		{4BD93D13-8930-412A-B919-C9284805927E}.Debug|x64.Build.0 = Debug|x64
		{4BD93D13-8930-412A-B919-C9284805927E}.Debug|x64.Deploy.0 = Debug|x64
		{4BD93D13-8930-412A-B919-C9284805927E}.Debug|x86.ActiveCfg = Debug|Win32
		{4BD93D13-8930-412A-B919-C9284805927E}.Debug|x86.Build.0 = Debug|Win32
		{4BD93D13-8930-412A-B919-C9284805927E}.Debug|x86.Deploy.0 = Debug|Win32
		{4BD93D13-8930-412A-B919-C9284805927E}.Release|ARM.ActiveCfg = Release|ARM
		{4BD93D13-8930-412A-B919-C9284805927E}.Release|ARM.Build.0 = Release|ARM
		{4BD93D13-8930-412A-B919-C9284805927E}.Release|ARM.Deploy.0 = Release|ARM
		{4BD93D13-8930-412A-B919-C9284805927E}.Release|ARM64.ActiveCfg = Release|ARM64
		{4BD93D13-8930-412A-B919-C9284805927E}.Release|ARM64.Build.0 = Release|ARM64
		{4BD93D13-8930-412A-B919-C9284805927E}.Release|ARM64.Deploy.0 = Release|ARM64
		{4BD93D13-8930-412A-B919-C9284805927E}.Release|x64.ActiveCfg = Release|x64
		{4BD93D13-8930-412A-B919-C9284805927E}.Release|x64.Build.0 = Release|x64
		{4BD93D13-8930-412A-B919-C9284805927E}.Release|x64.Deploy.0 = Release|x64
		{4BD93D13-8930-412A-B919-C9284805927E}.Release|x86.ActiveCfg = Release|Win32
		{4BD93D13-8930-412A-B919-C9284805927E}.Release|x86.Build.0 = Release|Win32
		{4BD93D13-8930-412A-B919-C9284805927E}.Release|x86.Deploy.0 = Release|Win32
		{21251312-01AC-4386-AEA6-30E216C1F398}.Debug|ARM.ActiveCfg = Debug|Win32
		{21251312-01AC-4386-AEA6-30E216C1F398}.Debug|ARM64.ActiveCfg = Debug|Win32
		{21251312-01AC-4386-AEA6-30E216C1F398}.Debug|x64.ActiveCfg = Debug|x64
		{21251312-01AC-4386-AEA6-30E216C1F398}.Debug|x64.Build.0 = Debug|x64
		{21251312-01AC-4386-AEA6-30E216C1F398}.Debug|x86.ActiveCfg = Debug|Win32
		{21251312-01AC-4386-AEA6-30E216C1F398}.Debug|x86.Build.0 = Debug|Win32
		{21251312-01AC-4386-AEA6-30E216C1F398}.Release|ARM.ActiveCfg = Release|Win32
		{21251312-01AC-4386-AEA6-30E216C1F398}.Release|ARM64.ActiveCfg = Release|Win32
		{21251312-01AC-4386-AEA6-30E216C1F398}.Release|x64.ActiveCfg = Release|x64
		{21251312-01AC-4386-AEA6-30E216C1F398}.Release|x64.Build.0 = Release|x64
		{21251312-01AC-4386-AEA6-30E216C1F398}.Release|x86.ActiveCfg = Release|Win32
		{21251312-01AC-4386-AEA6-30E216C1F398}.Release|x86.Build.0 = Release|Win32
		{AE8FF12B-E777-4A2D-B395-E3EE2DCDB61C}.Debug|ARM.ActiveCfg = Debug|Win32
		{AE8FF12B-E777-4A2D-B395-E3EE2DCDB61C}.Debug|ARM64.ActiveCfg = Debug|Win32
		{AE8FF12B-E777-4A2D-B395-E3EE2DCDB61C}.Debug|x64.ActiveCfg = Debug|x64
		{AE8FF12B-E777-4A2D-B395-E3EE2DCDB61C}.Debug|x64.Build.0 = Debug|x64
		{AE8FF12B-E777-4A2D-B395-E3EE2DCDB61C}.Debug|x86.ActiveCfg = Debug|Win32
		{AE8FF12B-E777-4A2D-B395-E3EE2DCDB61C}.Debug|x86.Build.0 = Debug|Win32
		{AE8FF12B-E777-4A2D-B395-E3EE2DCDB61C}.Release|ARM.ActiveCfg = Release|Win32
		{AE8FF12B-E777-4A2D-B395-E3EE2DCDB61C}.Release|ARM64.ActiveCfg = Release|Win32
		{AE8FF12B-E777-4A2D-B395-E3EE2DCDB61C}.Release|x64.ActiveCfg = Release|x64
		{AE8FF12B-E777-4A2D-B395-E3EE2DCDB61C}.Release|x64.Build.0 = Release|x64
		{AE8FF12B-E777-4A2D-B395-E3EE2DCDB61C}.Release|x86.ActiveCfg = Release|Win32
		{AE8FF12B-E777-4A2D-B395-E3EE2DCDB61C}.Release|x86.Build.0 = Release|Win32
	EndGlobalSection
	GlobalSection(SolutionProperties) = preSolution
		HideSolutionNode = FALSE
	EndGlobalSection
	GlobalSection(NestedProjects) = preSolution
		{EBA6AECB-5F91-4CAC-BF2F-6D4F31C48CF3} = {4125C462-DDFF-4769-884F-A41EEB51E06D}
		{3B8DDA70-9678-4765-8554-ECB240206251} = {4125C462-DDFF-4769-884F-A41EEB51E06D}
		{21251312-01AC-4386-AEA6-30E216C1F398} = {E1699E59-4718-456F-915F-4C379B69DC71}
		{AE8FF12B-E777-4A2D-B395-E3EE2DCDB61C} = {E1699E59-4718-456F-915F-4C379B69DC71}
	EndGlobalSection
	GlobalSection(ExtensibilityGlobals) = postSolution
		SolutionGuid = {2416F1C8-954B-44CB-977F-8BDE6CA36D80}
	EndGlobalSection
EndGlobal
